
Microsoft Visual Studio Solution File, Format Version 12.00
Project("{FAE04EC0-301F-11D3-BF4B-00C04F79EFBC}") = "calis_bakalim_enik_api", "calis_bakalim_enik_api\calis_bakalim_enik_api.csproj", "{2CD8470B-8F5A-4DA6-B0B0-E786AFF455C7}"
EndProject
Global
	GlobalSection(SolutionConfigurationPlatforms) = preSolution
		Debug|Any CPU = Debug|Any CPU
		Release|Any CPU = Release|Any CPU
	EndGlobalSection
	GlobalSection(ProjectConfigurationPlatforms) = postSolution
		{2CD8470B-8F5A-4DA6-B0B0-E786AFF455C7}.Debug|Any CPU.ActiveCfg = Debug|Any CPU
		{2CD8470B-8F5A-4DA6-B0B0-E786AFF455C7}.Debug|Any CPU.Build.0 = Debug|Any CPU
		{2CD8470B-8F5A-4DA6-B0B0-E786AFF455C7}.Release|Any CPU.ActiveCfg = Release|Any CPU
		{2CD8470B-8F5A-4DA6-B0B0-E786AFF455C7}.Release|Any CPU.Build.0 = Release|Any CPU
	EndGlobalSection
EndGlobal
